{
  "version": "5",
  "specifiers": {
    "jsr:@std/assert@1": "1.0.19",
    "jsr:@std/internal@^1.0.12": "1.0.14"
  },
  "jsr": {
    "@std/assert@1.0.19": {
      "integrity": "eaada96ee120cb980bc47e040f82814d786fe8162ecc53c91d8df60b8755991e",
      "dependencies": [
        "jsr:@std/internal"
      ]
    },
    "@std/internal@1.0.14": {
      "integrity": "291516b3d4c35024d6ffbc0a9df5bf4c64116e05b50012cf846710152d2ffdf7"
    }
  },
  "workspace": {
    "packageJson": {
      "dependencies": [
        "npm:@eslint/js@10.0.1",
        "npm:@types/node@24.13.3",
        "npm:@typescript/typescript6@6.0.2",
        "npm:eslint@10.8.0",
        "npm:prettier@3.9.6",
        "npm:typescript-eslint@8.65.0",
        "npm:vitest@4.1.10"
      ]
    },
    "members": {
      "packages/cli": {
        "packageJson": {
          "dependencies": [
            "npm:@jridgewell/source-map@0.3.11",
            "npm:@typescript/typescript6@6.0.2"
          ]
        }
      },
      "packages/compiler": {
        "packageJson": {
          "dependencies": [
            "npm:@typescript/typescript6@6.0.2"
          ]
        }
      },
      "packages/deno": {
        "packageJson": {
          "dependencies": [
            "npm:@typescript/typescript6@6.0.2"
          ]
        }
      },
      "packages/enforestation": {
        "packageJson": {
          "dependencies": [
            "npm:@typescript/typescript6@6.0.2"
          ]
        }
      },
      "packages/expansion": {
        "packageJson": {
          "dependencies": [
            "npm:@typescript/typescript6@6.0.2"
          ]
        }
      },
      "packages/jest": {
        "packageJson": {
          "dependencies": [
            "npm:@babel/core@8.0.1",
            "npm:@babel/preset-typescript@8.0.1",
            "npm:@types/babel__core@7.20.5",
            "npm:jest@30.4.2"
          ]
        }
      },
      "packages/node": {
        "packageJson": {
          "dependencies": [
            "npm:@typescript/typescript6@6.0.2"
          ]
        }
      },
      "packages/parcel-transformer": {
        "packageJson": {
          "dependencies": [
            "npm:@parcel/config-default@2.16.4",
            "npm:@parcel/core@2.16.4",
            "npm:@parcel/logger@2.16.4",
            "npm:@parcel/plugin@2.16.4",
            "npm:@parcel/source-map@2.1.1"
          ]
        }
      },
      "packages/prettier-plugin": {
        "packageJson": {
          "dependencies": [
            "npm:prettier@3.9.6",
            "npm:tm-grammars@1.32.12",
            "npm:vscode-oniguruma@2.0.1",
            "npm:vscode-textmate@9.3.2"
          ]
        }
      },
      "packages/reader": {
        "packageJson": {
          "dependencies": [
            "npm:@typescript/typescript6@6.0.2"
          ]
        }
      },
      "packages/typescript-host": {
        "packageJson": {
          "dependencies": [
            "npm:@typescript/typescript6@6.0.2"
          ]
        }
      },
      "packages/unplugin": {
        "packageJson": {
          "dependencies": [
            "npm:@farmfe/core@1.7.11",
            "npm:@rsbuild/core@2.1.9",
            "npm:@rspack/core@2.1.7",
            "npm:@types/bun@1.2.22",
            "npm:@typescript/typescript6@6.0.2",
            "npm:bun@1.2.22",
            "npm:esbuild@0.28.1",
            "npm:rolldown@1.2.1",
            "npm:rollup@4.62.4",
            "npm:unplugin@3.3.0",
            "npm:vite@8.2.0",
            "npm:webpack@5.109.2"
          ]
        }
      },
      "packages/webpack-loader": {
        "packageJson": {
          "dependencies": [
            "npm:@rspack/core@2.1.7",
            "npm:@types/webpack@5.28.5",
            "npm:next@16.2.0",
            "npm:react-dom@19.2.3",
            "npm:react@19.2.3",
            "npm:webpack@5.109.2"
          ]
        }
      }
    }
  }
}
